
Microsoft Visual Studio Solution File, Format Version 12.00
# Visual Studio Version 16
VisualStudioVersion = 16.0.30804.86
MinimumVisualStudioVersion = 10.0.40219.1
Project("{FAE04EC0-301F-11D3-BF4B-00C04F79EFBC}") = "MinaLaromedel", "MinaLaromedel\MinaLaromedel.csproj", "{B5C5DCD0-9EC7-4F25-A9D6-092D0FAE5CAA}"
EndProject
Project("{FAE04EC0-301F-11D3-BF4B-00C04F79EFBC}") = "HermodsNovo", "Clients\HermodsNovo\HermodsNovo.csproj", "{A7DD2650-E3C6-47AD-B94A-52CAE69F78F8}"
EndProject
Project("{FAE04EC0-301F-11D3-BF4B-00C04F79EFBC}") = "LiberOnlinebok", "Clients\LiberOnlinebok\LiberOnlinebok.csproj", "{CF349CD4-5BF7-44A2-98AB-5D9C94393579}"
EndProject
Project("{2150E333-8FDC-42A3-9474-1A3956D46DE8}") = "Clients", "Clients", "{A76FD5E4-F3E1-4A47-BD66-DC3880F9F0EC}"
EndProject
Global
	GlobalSection(SolutionConfigurationPlatforms) = preSolution
		Debug|Any CPU = Debug|Any CPU
		Debug|ARM = Debug|ARM
		Debug|ARM64 = Debug|ARM64
		Debug|x64 = Debug|x64
		Debug|x86 = Debug|x86
		Release|Any CPU = Release|Any CPU
		Release|ARM = Release|ARM
		Release|ARM64 = Release|ARM64
		Release|x64 = Release|x64
		Release|x86 = Release|x86
	EndGlobalSection
	GlobalSection(ProjectConfigurationPlatforms) = postSolution
		{B5C5DCD0-9EC7-4F25-A9D6-092D0FAE5CAA}.Debug|Any CPU.ActiveCfg = Debug|x86
		{B5C5DCD0-9EC7-4F25-A9D6-092D0FAE5CAA}.Debug|ARM.ActiveCfg = Debug|ARM
		{B5C5DCD0-9EC7-4F25-A9D6-092D0FAE5CAA}.Debug|ARM.Build.0 = Debug|ARM
		{B5C5DCD0-9EC7-4F25-A9D6-092D0FAE5CAA}.Debug|ARM.Deploy.0 = Debug|ARM
		{B5C5DCD0-9EC7-4F25-A9D6-092D0FAE5CAA}.Debug|ARM64.ActiveCfg = Debug|ARM64
		{B5C5DCD0-9EC7-4F25-A9D6-092D0FAE5CAA}.Debug|ARM64.Build.0 = Debug|ARM64
		{B5C5DCD0-9EC7-4F25-A9D6-092D0FAE5CAA}.Debug|ARM64.Deploy.0 = Debug|ARM64
		{B5C5DCD0-9EC7-4F25-A9D6-092D0FAE5CAA}.Debug|x64.ActiveCfg = Debug|x64
		{B5C5DCD0-9EC7-4F25-A9D6-092D0FAE5CAA}.Debug|x64.Build.0 = Debug|x64
		{B5C5DCD0-9EC7-4F25-A9D6-092D0FAE5CAA}.Debug|x64.Deploy.0 = Debug|x64
		{B5C5DCD0-9EC7-4F25-A9D6-092D0FAE5CAA}.Debug|x86.ActiveCfg = Debug|x86
		{B5C5DCD0-9EC7-4F25-A9D6-092D0FAE5CAA}.Debug|x86.Build.0 = Debug|x86
		{B5C5DCD0-9EC7-4F25-A9D6-092D0FAE5CAA}.Debug|x86.Deploy.0 = Debug|x86
		{B5C5DCD0-9EC7-4F25-A9D6-092D0FAE5CAA}.Release|Any CPU.ActiveCfg = Release|x86
		{B5C5DCD0-9EC7-4F25-A9D6-092D0FAE5CAA}.Release|ARM.ActiveCfg = Release|ARM
		{B5C5DCD0-9EC7-4F25-A9D6-092D0FAE5CAA}.Release|ARM.Build.0 = Release|ARM
		{B5C5DCD0-9EC7-4F25-A9D6-092D0FAE5CAA}.Release|ARM.Deploy.0 = Release|ARM
		{B5C5DCD0-9EC7-4F25-A9D6-092D0FAE5CAA}.Release|ARM64.ActiveCfg = Release|ARM64
		{B5C5DCD0-9EC7-4F25-A9D6-092D0FAE5CAA}.Release|ARM64.Build.0 = Release|ARM64
		{B5C5DCD0-9EC7-4F25-A9D6-092D0FAE5CAA}.Release|ARM64.Deploy.0 = Release|ARM64
		{B5C5DCD0-9EC7-4F25-A9D6-092D0FAE5CAA}.Release|x64.ActiveCfg = Release|x64
		{B5C5DCD0-9EC7-4F25-A9D6-092D0FAE5CAA}.Release|x64.Build.0 = Release|x64
		{B5C5DCD0-9EC7-4F25-A9D6-092D0FAE5CAA}.Release|x64.Deploy.0 = Release|x64
		{B5C5DCD0-9EC7-4F25-A9D6-092D0FAE5CAA}.Release|x86.ActiveCfg = Release|x86
		{B5C5DCD0-9EC7-4F25-A9D6-092D0FAE5CAA}.Release|x86.Build.0 = Release|x86
		{B5C5DCD0-9EC7-4F25-A9D6-092D0FAE5CAA}.Release|x86.Deploy.0 = Release|x86
		{A7DD2650-E3C6-47AD-B94A-52CAE69F78F8}.Debug|Any CPU.ActiveCfg = Debug|Any CPU
		{A7DD2650-E3C6-47AD-B94A-52CAE69F78F8}.Debug|Any CPU.Build.0 = Debug|Any CPU
		{A7DD2650-E3C6-47AD-B94A-52CAE69F78F8}.Debug|ARM.ActiveCfg = Debug|ARM
		{A7DD2650-E3C6-47AD-B94A-52CAE69F78F8}.Debug|ARM.Build.0 = Debug|ARM
		{A7DD2650-E3C6-47AD-B94A-52CAE69F78F8}.Debug|ARM64.ActiveCfg = Debug|ARM64
		{A7DD2650-E3C6-47AD-B94A-52CAE69F78F8}.Debug|ARM64.Build.0 = Debug|ARM64
		{A7DD2650-E3C6-47AD-B94A-52CAE69F78F8}.Debug|x64.ActiveCfg = Debug|x64
		{A7DD2650-E3C6-47AD-B94A-52CAE69F78F8}.Debug|x64.Build.0 = Debug|x64
		{A7DD2650-E3C6-47AD-B94A-52CAE69F78F8}.Debug|x86.ActiveCfg = Debug|x86
		{A7DD2650-E3C6-47AD-B94A-52CAE69F78F8}.Debug|x86.Build.0 = Debug|x86
		{A7DD2650-E3C6-47AD-B94A-52CAE69F78F8}.Release|Any CPU.ActiveCfg = Release|Any CPU
		{A7DD2650-E3C6-47AD-B94A-52CAE69F78F8}.Release|Any CPU.Build.0 = Release|Any CPU
		{A7DD2650-E3C6-47AD-B94A-52CAE69F78F8}.Release|ARM.ActiveCfg = Release|ARM
		{A7DD2650-E3C6-47AD-B94A-52CAE69F78F8}.Release|ARM.Build.0 = Release|ARM
		{A7DD2650-E3C6-47AD-B94A-52CAE69F78F8}.Release|ARM64.ActiveCfg = Release|ARM64
		{A7DD2650-E3C6-47AD-B94A-52CAE69F78F8}.Release|ARM64.Build.0 = Release|ARM64
		{A7DD2650-E3C6-47AD-B94A-52CAE69F78F8}.Release|x64.ActiveCfg = Release|x64
		{A7DD2650-E3C6-47AD-B94A-52CAE69F78F8}.Release|x64.Build.0 = Release|x64
		{A7DD2650-E3C6-47AD-B94A-52CAE69F78F8}.Release|x86.ActiveCfg = Release|x86
		{A7DD2650-E3C6-47AD-B94A-52CAE69F78F8}.Release|x86.Build.0 = Release|x86
		{CF349CD4-5BF7-44A2-98AB-5D9C94393579}.Debug|Any CPU.ActiveCfg = Debug|Any CPU
		{CF349CD4-5BF7-44A2-98AB-5D9C94393579}.Debug|Any CPU.Build.0 = Debug|Any CPU
		{CF349CD4-5BF7-44A2-98AB-5D9C94393579}.Debug|ARM.ActiveCfg = Debug|ARM
		{CF349CD4-5BF7-44A2-98AB-5D9C94393579}.Debug|ARM.Build.0 = Debug|ARM
		{CF349CD4-5BF7-44A2-98AB-5D9C94393579}.Debug|ARM64.ActiveCfg = Debug|ARM64
		{CF349CD4-5BF7-44A2-98AB-5D9C94393579}.Debug|ARM64.Build.0 = Debug|ARM64
		{CF349CD4-5BF7-44A2-98AB-5D9C94393579}.Debug|x64.ActiveCfg = Debug|x64
		{CF349CD4-5BF7-44A2-98AB-5D9C94393579}.Debug|x64.Build.0 = Debug|x64
		{CF349CD4-5BF7-44A2-98AB-5D9C94393579}.Debug|x86.ActiveCfg = Debug|x86
		{CF349CD4-5BF7-44A2-98AB-5D9C94393579}.Debug|x86.Build.0 = Debug|x86
		{CF349CD4-5BF7-44A2-98AB-5D9C94393579}.Release|Any CPU.ActiveCfg = Release|Any CPU
		{CF349CD4-5BF7-44A2-98AB-5D9C94393579}.Release|Any CPU.Build.0 = Release|Any CPU
		{CF349CD4-5BF7-44A2-98AB-5D9C94393579}.Release|ARM.ActiveCfg = Release|ARM
		{CF349CD4-5BF7-44A2-98AB-5D9C94393579}.Release|ARM.Build.0 = Release|ARM
		{CF349CD4-5BF7-44A2-98AB-5D9C94393579}.Release|ARM64.ActiveCfg = Release|ARM64
		{CF349CD4-5BF7-44A2-98AB-5D9C94393579}.Release|ARM64.Build.0 = Release|ARM64
		{CF349CD4-5BF7-44A2-98AB-5D9C94393579}.Release|x64.ActiveCfg = Release|x64
		{CF349CD4-5BF7-44A2-98AB-5D9C94393579}.Release|x64.Build.0 = Release|x64
		{CF349CD4-5BF7-44A2-98AB-5D9C94393579}.Release|x86.ActiveCfg = Release|x86
		{CF349CD4-5BF7-44A2-98AB-5D9C94393579}.Release|x86.Build.0 = Release|x86
	EndGlobalSection
	GlobalSection(SolutionProperties) = preSolution
		HideSolutionNode = FALSE
	EndGlobalSection
	GlobalSection(NestedProjects) = preSolution
		{A7DD2650-E3C6-47AD-B94A-52CAE69F78F8} = {A76FD5E4-F3E1-4A47-BD66-DC3880F9F0EC}
		{CF349CD4-5BF7-44A2-98AB-5D9C94393579} = {A76FD5E4-F3E1-4A47-BD66-DC3880F9F0EC}
	EndGlobalSection
	GlobalSection(ExtensibilityGlobals) = postSolution
		SolutionGuid = {4A5FD7FB-66B5-4465-BF5B-96AC35E0EC33}
	EndGlobalSection
EndGlobal
